
Microsoft Visual Studio Solution File, Format Version 12.00
# Visual Studio Version 16
VisualStudioVersion = 16.0.31313.79
MinimumVisualStudioVersion = 10.0.40219.1
Project("{8BC9CEB8-8B4A-11D0-8D11-00A0C91BC942}") = "FlashProxy", "FlashProxy\FlashProxy.vcxproj", "{9B9EC2C9-8F0D-4320-9853-AAFDE83C42CD}"
EndProject
Project("{8BC9CEB8-8B4A-11D0-8D11-00A0C91BC942}") = "BrowserProxy", "BrowserProxy\BrowserProxy.vcxproj", "{DBD14B66-F34F-4401-966B-E0F1073168D5}"
EndProject
Project("{54435603-DBB4-11D2-8724-00A0C9A8B90C}") = "Installer", "Installer\Installer.vdproj", "{4EA03C29-5CC6-46CC-B2CC-E956A716A745}"
EndProject
Global
	GlobalSection(SolutionConfigurationPlatforms) = preSolution
		Debug|x86 = Debug|x86
		Develop|x86 = Develop|x86
		Release|x86 = Release|x86
	EndGlobalSection
	GlobalSection(ProjectConfigurationPlatforms) = postSolution
		{9B9EC2C9-8F0D-4320-9853-AAFDE83C42CD}.Debug|x86.ActiveCfg = Debug|Win32
		{9B9EC2C9-8F0D-4320-9853-AAFDE83C42CD}.Debug|x86.Build.0 = Debug|Win32
		{9B9EC2C9-8F0D-4320-9853-AAFDE83C42CD}.Develop|x86.ActiveCfg = Develop|Win32
		{9B9EC2C9-8F0D-4320-9853-AAFDE83C42CD}.Develop|x86.Build.0 = Develop|Win32
		{9B9EC2C9-8F0D-4320-9853-AAFDE83C42CD}.Release|x86.ActiveCfg = Release|Win32
		{9B9EC2C9-8F0D-4320-9853-AAFDE83C42CD}.Release|x86.Build.0 = Release|Win32
		{DBD14B66-F34F-4401-966B-E0F1073168D5}.Debug|x86.ActiveCfg = Debug|Win32
		{DBD14B66-F34F-4401-966B-E0F1073168D5}.Debug|x86.Build.0 = Debug|Win32
		{DBD14B66-F34F-4401-966B-E0F1073168D5}.Develop|x86.ActiveCfg = Develop|Win32
		{DBD14B66-F34F-4401-966B-E0F1073168D5}.Develop|x86.Build.0 = Develop|Win32
		{DBD14B66-F34F-4401-966B-E0F1073168D5}.Release|x86.ActiveCfg = Release|Win32
		{DBD14B66-F34F-4401-966B-E0F1073168D5}.Release|x86.Build.0 = Release|Win32
		{4EA03C29-5CC6-46CC-B2CC-E956A716A745}.Debug|x86.ActiveCfg = Release
		{4EA03C29-5CC6-46CC-B2CC-E956A716A745}.Develop|x86.ActiveCfg = Release
		{4EA03C29-5CC6-46CC-B2CC-E956A716A745}.Release|x86.ActiveCfg = Release
	EndGlobalSection
	GlobalSection(SolutionProperties) = preSolution
		HideSolutionNode = FALSE
	EndGlobalSection
	GlobalSection(ExtensibilityGlobals) = postSolution
		SolutionGuid = {D36760CA-9F66-4C07-AD48-C9F17ADB7A63}
	EndGlobalSection
EndGlobal
